
Microsoft Visual Studio Solution File, Format Version 12.00
Project("{FAE04EC0-301F-11D3-BF4B-00C04F79EFBC}") = "DotnetCsLecture", "DotnetCsLecture\DotnetCsLecture.csproj", "{34988D6C-9CA4-4AD7-B8FD-69DD82877DF5}"
EndProject
Project("{FAE04EC0-301F-11D3-BF4B-00C04F79EFBC}") = "DotnetCsLecture.Common", "DotnetCsLecture.Common\DotnetCsLecture.Common.csproj", "{ECCF0383-A432-45DD-959D-0B4E872E7593}"
EndProject
Project("{FAE04EC0-301F-11D3-BF4B-00C04F79EFBC}") = "LectureWebApi", "LectureWebApi\LectureWebApi.csproj", "{3766E3DB-D484-4059-92F5-4D9841971E96}"
EndProject
Project("{FAE04EC0-301F-11D3-BF4B-00C04F79EFBC}") = "LectureWebApi.Business", "LectureWebApi.Business\LectureWebApi.Business.csproj", "{539CE9E5-D887-4DE2-AD90-21F656942D6F}"
EndProject
Global
	GlobalSection(SolutionConfigurationPlatforms) = preSolution
		Debug|Any CPU = Debug|Any CPU
		Release|Any CPU = Release|Any CPU
	EndGlobalSection
	GlobalSection(ProjectConfigurationPlatforms) = postSolution
		{34988D6C-9CA4-4AD7-B8FD-69DD82877DF5}.Debug|Any CPU.ActiveCfg = Debug|Any CPU
		{34988D6C-9CA4-4AD7-B8FD-69DD82877DF5}.Debug|Any CPU.Build.0 = Debug|Any CPU
		{34988D6C-9CA4-4AD7-B8FD-69DD82877DF5}.Release|Any CPU.ActiveCfg = Release|Any CPU
		{34988D6C-9CA4-4AD7-B8FD-69DD82877DF5}.Release|Any CPU.Build.0 = Release|Any CPU
		{ECCF0383-A432-45DD-959D-0B4E872E7593}.Debug|Any CPU.ActiveCfg = Debug|Any CPU
		{ECCF0383-A432-45DD-959D-0B4E872E7593}.Debug|Any CPU.Build.0 = Debug|Any CPU
		{ECCF0383-A432-45DD-959D-0B4E872E7593}.Release|Any CPU.ActiveCfg = Release|Any CPU
		{ECCF0383-A432-45DD-959D-0B4E872E7593}.Release|Any CPU.Build.0 = Release|Any CPU
		{3766E3DB-D484-4059-92F5-4D9841971E96}.Debug|Any CPU.ActiveCfg = Debug|Any CPU
		{3766E3DB-D484-4059-92F5-4D9841971E96}.Debug|Any CPU.Build.0 = Debug|Any CPU
		{3766E3DB-D484-4059-92F5-4D9841971E96}.Release|Any CPU.ActiveCfg = Release|Any CPU
		{3766E3DB-D484-4059-92F5-4D9841971E96}.Release|Any CPU.Build.0 = Release|Any CPU
		{539CE9E5-D887-4DE2-AD90-21F656942D6F}.Debug|Any CPU.ActiveCfg = Debug|Any CPU
		{539CE9E5-D887-4DE2-AD90-21F656942D6F}.Debug|Any CPU.Build.0 = Debug|Any CPU
		{539CE9E5-D887-4DE2-AD90-21F656942D6F}.Release|Any CPU.ActiveCfg = Release|Any CPU
		{539CE9E5-D887-4DE2-AD90-21F656942D6F}.Release|Any CPU.Build.0 = Release|Any CPU
	EndGlobalSection
EndGlobal
